
Microsoft Visual Studio Solution File, Format Version 12.00
# Visual Studio Version 17
VisualStudioVersion = 17.14.36603.0
MinimumVisualStudioVersion = 10.0.40219.1
Project("{FAE04EC0-301F-11D3-BF4B-00C04F79EFBC}") = "MyAiBuiltProject", "MyAiBuiltProject\MyAiBuiltProject.csproj", "{509453CE-FA8C-4E01-8988-36ACF9E21052}"
EndProject
Project("{2150E333-8FDC-42A3-9474-1A3956D46DE8}") = "Solution Items", "Solution Items", "{8EC462FD-D22E-90A8-E5CE-7E832BA40C5D}"
	ProjectSection(SolutionItems) = preProject
		.mcp.json = .mcp.json
		README.md = README.md
	EndProjectSection
EndProject
Project("{FAE04EC0-301F-11D3-BF4B-00C04F79EFBC}") = "McpProbe", "McpProbe\McpProbe.csproj", "{6EBFA577-8650-0991-9E47-6C118E66E588}"
EndProject
Project("{FAE04EC0-301F-11D3-BF4B-00C04F79EFBC}") = "SampleMcpServer", "SampleMcpServer\SampleMcpServer.csproj", "{68AF086E-D678-2E8B-97A9-0FBEAD30CFA1}"
EndProject
Global
	GlobalSection(SolutionConfigurationPlatforms) = preSolution
		Debug|Any CPU = Debug|Any CPU
		Release|Any CPU = Release|Any CPU
	EndGlobalSection
	GlobalSection(ProjectConfigurationPlatforms) = postSolution
		{509453CE-FA8C-4E01-8988-36ACF9E21052}.Debug|Any CPU.ActiveCfg = Debug|Any CPU
		{509453CE-FA8C-4E01-8988-36ACF9E21052}.Debug|Any CPU.Build.0 = Debug|Any CPU
		{509453CE-FA8C-4E01-8988-36ACF9E21052}.Release|Any CPU.ActiveCfg = Release|Any CPU
		{509453CE-FA8C-4E01-8988-36ACF9E21052}.Release|Any CPU.Build.0 = Release|Any CPU
		{6EBFA577-8650-0991-9E47-6C118E66E588}.Debug|Any CPU.ActiveCfg = Debug|Any CPU
		{6EBFA577-8650-0991-9E47-6C118E66E588}.Debug|Any CPU.Build.0 = Debug|Any CPU
		{6EBFA577-8650-0991-9E47-6C118E66E588}.Release|Any CPU.ActiveCfg = Release|Any CPU
		{6EBFA577-8650-0991-9E47-6C118E66E588}.Release|Any CPU.Build.0 = Release|Any CPU
		{68AF086E-D678-2E8B-97A9-0FBEAD30CFA1}.Debug|Any CPU.ActiveCfg = Debug|Any CPU
		{68AF086E-D678-2E8B-97A9-0FBEAD30CFA1}.Debug|Any CPU.Build.0 = Debug|Any CPU
		{68AF086E-D678-2E8B-97A9-0FBEAD30CFA1}.Release|Any CPU.ActiveCfg = Release|Any CPU
		{68AF086E-D678-2E8B-97A9-0FBEAD30CFA1}.Release|Any CPU.Build.0 = Release|Any CPU
	EndGlobalSection
	GlobalSection(SolutionProperties) = preSolution
		HideSolutionNode = FALSE
	EndGlobalSection
	GlobalSection(ExtensibilityGlobals) = postSolution
		SolutionGuid = {64891C3C-A7C6-4A0A-843E-1A296C0FC8D1}
	EndGlobalSection
EndGlobal
